
Microsoft Visual Studio Solution File, Format Version 12.00
# Visual Studio Version 16
VisualStudioVersion = 16.0.36631.11
MinimumVisualStudioVersion = 10.0.40219.1
Project("{D2ABAB84-BF74-430A-B69E-9DC6D40DDA17}") = "ClothingShop_Cube", "ClothingShop_Cube\ClothingShop_Cube.dwproj", "{A564A050-18A9-49CC-9C3B-1587E6A96711}"
EndProject
Global
	GlobalSection(SolutionConfigurationPlatforms) = preSolution
		Development|Default = Development|Default
	EndGlobalSection
	GlobalSection(ProjectConfigurationPlatforms) = postSolution
		{A564A050-18A9-49CC-9C3B-1587E6A96711}.Development|Default.ActiveCfg = Development
		{A564A050-18A9-49CC-9C3B-1587E6A96711}.Development|Default.Build.0 = Development
		{A564A050-18A9-49CC-9C3B-1587E6A96711}.Development|Default.Deploy.0 = Development
	EndGlobalSection
	GlobalSection(SolutionProperties) = preSolution
		HideSolutionNode = FALSE
	EndGlobalSection
	GlobalSection(ExtensibilityGlobals) = postSolution
		SolutionGuid = {3EF4842D-9B5F-432D-8155-49EB3E90212C}
	EndGlobalSection
EndGlobal
