
Microsoft Visual Studio Solution File, Format Version 12.00
# Visual Studio Version 16
VisualStudioVersion = 16.0.36631.11
MinimumVisualStudioVersion = 10.0.40219.1
Project("{D2ABAB84-BF74-430A-B69E-9DC6D40DDA17}") = "ClothingShop_Cube", "ClothingShop_Cube\ClothingShop_Cube.dwproj", "{F4F35D2A-0ACA-4912-91D1-93004707D6CF}"
EndProject
Global
	GlobalSection(SolutionConfigurationPlatforms) = preSolution
		Development|Default = Development|Default
	EndGlobalSection
	GlobalSection(ProjectConfigurationPlatforms) = postSolution
		{F4F35D2A-0ACA-4912-91D1-93004707D6CF}.Development|Default.ActiveCfg = Development
		{F4F35D2A-0ACA-4912-91D1-93004707D6CF}.Development|Default.Build.0 = Development
		{F4F35D2A-0ACA-4912-91D1-93004707D6CF}.Development|Default.Deploy.0 = Development
	EndGlobalSection
	GlobalSection(SolutionProperties) = preSolution
		HideSolutionNode = FALSE
	EndGlobalSection
	GlobalSection(ExtensibilityGlobals) = postSolution
		SolutionGuid = {10145AFE-4600-4247-9B49-BFC7853A997C}
	EndGlobalSection
EndGlobal
